
Microsoft Visual Studio Solution File, Format Version 12.00
# Visual Studio Version 17
VisualStudioVersion = 17.9.34902.65
MinimumVisualStudioVersion = 10.0.40219.1
Project("{FAE04EC0-301F-11D3-BF4B-00C04F79EFBC}") = "SequentialSearch", "SequentialSearch.csproj", "{B075767F-6BBC-4216-8263-37D2A0643F66}"
EndProject
Global
	GlobalSection(SolutionConfigurationPlatforms) = preSolution
		Debug|Any CPU = Debug|Any CPU
		Release|Any CPU = Release|Any CPU
	EndGlobalSection
	GlobalSection(ProjectConfigurationPlatforms) = postSolution
		{B075767F-6BBC-4216-8263-37D2A0643F66}.Debug|Any CPU.ActiveCfg = Debug|Any CPU
		{B075767F-6BBC-4216-8263-37D2A0643F66}.Debug|Any CPU.Build.0 = Debug|Any CPU
		{B075767F-6BBC-4216-8263-37D2A0643F66}.Release|Any CPU.ActiveCfg = Release|Any CPU
		{B075767F-6BBC-4216-8263-37D2A0643F66}.Release|Any CPU.Build.0 = Release|Any CPU
	EndGlobalSection
	GlobalSection(SolutionProperties) = preSolution
		HideSolutionNode = FALSE
	EndGlobalSection
	GlobalSection(ExtensibilityGlobals) = postSolution
		SolutionGuid = {9FDEF1B2-1CF8-46AA-AC64-6C7407E76DE0}
	EndGlobalSection
EndGlobal
